# THIS IS AN AUTOGENERATED FILE. DO NOT EDIT THIS FILE DIRECTLY.
# yarn lockfile v1


addressparser@^0.3.2:
  version "0.3.2"
  resolved "https://registry.yarnpkg.com/addressparser/-/addressparser-0.3.2.tgz#59873f35e8fcf6c7361c10239261d76e15348bb2"

addressparser@~0.2.0:
  version "0.2.1"
  resolved "https://registry.yarnpkg.com/addressparser/-/addressparser-0.2.1.tgz#d11a5b2eeda04cfefebdf3196c10ae13db6cd607"

ansi-styles@~1.0.0:
  version "1.0.0"
  resolved "https://registry.yarnpkg.com/ansi-styles/-/ansi-styles-1.0.0.tgz#cb102df1c56f5123eab8b67cd7b98027a0279178"

async@~1.0.0:
  version "1.0.0"
  resolved "https://registry.yarnpkg.com/async/-/async-1.0.0.tgz#f8fc04ca3a13784ade9e1641af98578cfbd647a9"

bufferjs@1.1.0:
  version "1.1.0"
  resolved "https://registry.yarnpkg.com/bufferjs/-/bufferjs-1.1.0.tgz#095ffa39c5e6b40a2178a1169c9effc584a73201"

chalk@~0.4.0:
  version "0.4.0"
  resolved "https://registry.yarnpkg.com/chalk/-/chalk-0.4.0.tgz#5199a3ddcd0c1efe23bc08c1b027b06176e0c64f"
  dependencies:
    ansi-styles "~1.0.0"
    has-color "~0.1.0"
    strip-ansi "~0.1.0"

colors@1.0.x:
  version "1.0.3"
  resolved "https://registry.yarnpkg.com/colors/-/colors-1.0.3.tgz#0433f44d809680fdeb60ed260f1b0c262e82a40b"

cycle@1.0.x:
  version "1.0.3"
  resolved "https://registry.yarnpkg.com/cycle/-/cycle-1.0.3.tgz#21e80b2be8580f98b468f379430662b046c34ad2"

emailjs@^1.0.8:
  version "1.0.11"
  resolved "https://registry.yarnpkg.com/emailjs/-/emailjs-1.0.11.tgz#2cb6f15624ed93fca93f1e0449cf10d25472a0d6"
  dependencies:
    addressparser "^0.3.2"
    mimelib "0.2.14"
    moment "2.11.2"
    starttls "1.0.1"
  optionalDependencies:
    bufferjs "1.1.0"

encoding@~0.1:
  version "0.1.12"
  resolved "https://registry.yarnpkg.com/encoding/-/encoding-0.1.12.tgz#538b66f3ee62cd1ab51ec323829d1f9480c74beb"
  dependencies:
    iconv-lite "~0.4.13"

express-winston@^2.4.0:
  version "2.4.0"
  resolved "https://registry.yarnpkg.com/express-winston/-/express-winston-2.4.0.tgz#27ab6cd93053e2dfdc35bceea14a077dc7d52e49"
  dependencies:
    chalk "~0.4.0"
    lodash "~4.11.1"

eyes@0.1.x:
  version "0.1.8"
  resolved "https://registry.yarnpkg.com/eyes/-/eyes-0.1.8.tgz#62cf120234c683785d902348a800ef3e0cc20bc0"

has-color@~0.1.0:
  version "0.1.7"
  resolved "https://registry.yarnpkg.com/has-color/-/has-color-0.1.7.tgz#67144a5260c34fc3cca677d041daf52fe7b78b2f"

iconv-lite@~0.4.13:
  version "0.4.18"
  resolved "https://registry.yarnpkg.com/iconv-lite/-/iconv-lite-0.4.18.tgz#23d8656b16aae6742ac29732ea8f0336a4789cf2"

isstream@0.1.x:
  version "0.1.2"
  resolved "https://registry.yarnpkg.com/isstream/-/isstream-0.1.2.tgz#47e63f7af55afa6f92e1500e690eb8b8529c099a"

lodash@~4.11.1:
  version "4.11.2"
  resolved "https://registry.yarnpkg.com/lodash/-/lodash-4.11.2.tgz#d6b4338b110a58e21dae5cebcfdbbfd2bc4cdb3b"

mimelib@0.2.14:
  version "0.2.14"
  resolved "https://registry.yarnpkg.com/mimelib/-/mimelib-0.2.14.tgz#2a1aa724bd190b85bd526e6317ab6106edfd6831"
  dependencies:
    addressparser "~0.2.0"
    encoding "~0.1"

moment@2.11.2:
  version "2.11.2"
  resolved "https://registry.yarnpkg.com/moment/-/moment-2.11.2.tgz#87968e5f95ac038c2e42ac959c75819cd3f52901"

mustache@^2.2.1:
  version "2.3.0"
  resolved "https://registry.yarnpkg.com/mustache/-/mustache-2.3.0.tgz#4028f7778b17708a489930a6e52ac3bca0da41d0"

stack-trace@0.0.x:
  version "0.0.10"
  resolved "https://registry.yarnpkg.com/stack-trace/-/stack-trace-0.0.10.tgz#547c70b347e8d32b4e108ea1a2a159e5fdde19c0"

starttls@1.0.1:
  version "1.0.1"
  resolved "https://registry.yarnpkg.com/starttls/-/starttls-1.0.1.tgz#e6081c25de6b178f5a75f8f271c1487449183b42"

strip-ansi@~0.1.0:
  version "0.1.1"
  resolved "https://registry.yarnpkg.com/strip-ansi/-/strip-ansi-0.1.1.tgz#39e8a98d044d150660abe4a6808acf70bb7bc991"

winston-daily-rotate-file@^1.4.6:
  version "1.4.6"
  resolved "https://registry.yarnpkg.com/winston-daily-rotate-file/-/winston-daily-rotate-file-1.4.6.tgz#f204b6ada19a5386fdf52fe997d8e10e43ff7788"

winston-mail@^1.3.0:
  version "1.3.0"
  resolved "https://registry.yarnpkg.com/winston-mail/-/winston-mail-1.3.0.tgz#10b05702b73ce9f2e9b3329a522e98b6ed4dcdc0"
  dependencies:
    emailjs "^1.0.8"
    mustache "^2.2.1"

winston@^2.3.1:
  version "2.3.1"
  resolved "https://registry.yarnpkg.com/winston/-/winston-2.3.1.tgz#0b48420d978c01804cf0230b648861598225a119"
  dependencies:
    async "~1.0.0"
    colors "1.0.x"
    cycle "1.0.x"
    eyes "0.1.x"
    isstream "0.1.x"
    stack-trace "0.0.x"
